
Microsoft Visual Studio Solution File, Format Version 12.00
# Visual Studio Version 17
VisualStudioVersion = 17.6.33829.357
MinimumVisualStudioVersion = 10.0.40219.1
Project("{FAE04EC0-301F-11D3-BF4B-00C04F79EFBC}") = "Test2", "Test2.csproj", "{8EC564A0-4782-4003-BA24-BF2221BA56AE}"
EndProject
Global
	GlobalSection(SolutionConfigurationPlatforms) = preSolution
		Debug|Any CPU = Debug|Any CPU
		Release|Any CPU = Release|Any CPU
	EndGlobalSection
	GlobalSection(ProjectConfigurationPlatforms) = postSolution
		{8EC564A0-4782-4003-BA24-BF2221BA56AE}.Debug|Any CPU.ActiveCfg = Debug|Any CPU
		{8EC564A0-4782-4003-BA24-BF2221BA56AE}.Debug|Any CPU.Build.0 = Debug|Any CPU
		{8EC564A0-4782-4003-BA24-BF2221BA56AE}.Release|Any CPU.ActiveCfg = Release|Any CPU
		{8EC564A0-4782-4003-BA24-BF2221BA56AE}.Release|Any CPU.Build.0 = Release|Any CPU
	EndGlobalSection
	GlobalSection(SolutionProperties) = preSolution
		HideSolutionNode = FALSE
	EndGlobalSection
	GlobalSection(ExtensibilityGlobals) = postSolution
		SolutionGuid = {415D0CA3-FDA2-4900-B97F-E2961EF2DED9}
	EndGlobalSection
EndGlobal
